
Microsoft Visual Studio Solution File, Format Version 12.00
# Visual Studio Version 17
VisualStudioVersion = 17.5.33627.172
MinimumVisualStudioVersion = 10.0.40219.1
Project("{9A19103F-16F7-4668-BE54-9A1E7A4F7556}") = "FolioAid", "FolioAid.csproj", "{508F5EE2-FE83-4117-902F-4EF447268174}"
EndProject
Global
	GlobalSection(SolutionConfigurationPlatforms) = preSolution
		Debug|Any CPU = Debug|Any CPU
		Release|Any CPU = Release|Any CPU
	EndGlobalSection
	GlobalSection(ProjectConfigurationPlatforms) = postSolution
		{508F5EE2-FE83-4117-902F-4EF447268174}.Debug|Any CPU.ActiveCfg = Debug|Any CPU
		{508F5EE2-FE83-4117-902F-4EF447268174}.Debug|Any CPU.Build.0 = Debug|Any CPU
		{508F5EE2-FE83-4117-902F-4EF447268174}.Release|Any CPU.ActiveCfg = Release|Any CPU
		{508F5EE2-FE83-4117-902F-4EF447268174}.Release|Any CPU.Build.0 = Release|Any CPU
	EndGlobalSection
	GlobalSection(SolutionProperties) = preSolution
		HideSolutionNode = FALSE
	EndGlobalSection
	GlobalSection(ExtensibilityGlobals) = postSolution
		SolutionGuid = {557A1822-AC78-487D-9BE8-2D6510424DCA}
	EndGlobalSection
EndGlobal
